
Microsoft Visual Studio Solution File, Format Version 12.00
# Visual Studio Version 17
VisualStudioVersion = 17.6.33815.320
MinimumVisualStudioVersion = 10.0.40219.1
Project("{9A19103F-16F7-4668-BE54-9A1E7A4F7556}") = "Shared", "Libraries\Network\Shared\Shared.csproj", "{C700153C-B9AF-4CD4-ADD4-8D76B96B5FB2}"
EndProject
Project("{9A19103F-16F7-4668-BE54-9A1E7A4F7556}") = "Server", "Libraries\Network\Server\Server.csproj", "{6F929310-2CF4-44C3-BF5A-AC6C4D69FC6A}"
EndProject
Project("{9A19103F-16F7-4668-BE54-9A1E7A4F7556}") = "Grpc", "Libraries\Network\Client\Grpc\Grpc.csproj", "{42C42C3A-C472-4E42-9E85-DC892C2A0EDA}"
EndProject
Project("{9A19103F-16F7-4668-BE54-9A1E7A4F7556}") = "Rest", "Libraries\Network\Client\Rest\Rest.csproj", "{B6B3CA2C-ABBB-4F93-BF3B-707AFF6DF1EC}"
EndProject
Project("{9A19103F-16F7-4668-BE54-9A1E7A4F7556}") = "Server", "Application\Server\Server.csproj", "{E4368B2B-4C35-4809-B1E1-178B9650C6D8}"
EndProject
Project("{9A19103F-16F7-4668-BE54-9A1E7A4F7556}") = "WebSite", "Application\Client\Web\WebSite\WebSite.csproj", "{442340DA-BD2C-49BF-8A09-BD7690B1847C}"
EndProject
Project("{2150E333-8FDC-42A3-9474-1A3956D46DE8}") = "Library", "Library", "{B2554C31-D13F-424A-A9F4-17706B2A138C}"
EndProject
Project("{2150E333-8FDC-42A3-9474-1A3956D46DE8}") = "Client", "Client", "{9E4901B1-2D2C-461E-A3B6-EED33ACD2D98}"
EndProject
Project("{2150E333-8FDC-42A3-9474-1A3956D46DE8}") = "Server", "Server", "{B8F82D72-51BB-48F0-9526-D5CCD76EDBB8}"
EndProject
Project("{2150E333-8FDC-42A3-9474-1A3956D46DE8}") = "Shared", "Shared", "{E6BCBDBE-8E9C-495E-8BA0-F26F0A60478F}"
EndProject
Project("{2150E333-8FDC-42A3-9474-1A3956D46DE8}") = "Application", "Application", "{73466C5E-BEC4-434D-A77A-8657E46146A5}"
EndProject
Project("{2150E333-8FDC-42A3-9474-1A3956D46DE8}") = "Client", "Client", "{7AF8C53F-45BA-4418-B8DF-6C8579991BBD}"
EndProject
Project("{2150E333-8FDC-42A3-9474-1A3956D46DE8}") = "Server", "Server", "{CBF5E427-F569-420A-864D-D3B5E3FA8B66}"
EndProject
Project("{2150E333-8FDC-42A3-9474-1A3956D46DE8}") = "Device", "Device", "{D406392E-397B-4A63-84FA-4A1FA3C37A54}"
EndProject
Project("{2150E333-8FDC-42A3-9474-1A3956D46DE8}") = "Web", "Web", "{636CC816-C1B1-4E01-B77D-085204B89222}"
EndProject
Project("{2150E333-8FDC-42A3-9474-1A3956D46DE8}") = "WebSite", "WebSite", "{7B31E1DA-E49D-4948-921E-BCD296565314}"
EndProject
Project("{2150E333-8FDC-42A3-9474-1A3956D46DE8}") = "WebApp", "WebApp", "{B4A0B19A-ECB9-42E7-9B72-14B8249F0F3A}"
EndProject
Project("{2150E333-8FDC-42A3-9474-1A3956D46DE8}") = "Test", "Test", "{972F617D-1D2D-4E1E-8288-2DDB07ABDC0F}"
EndProject
Global
	GlobalSection(SolutionConfigurationPlatforms) = preSolution
		Debug|Any CPU = Debug|Any CPU
		Release|Any CPU = Release|Any CPU
	EndGlobalSection
	GlobalSection(ProjectConfigurationPlatforms) = postSolution
		{C700153C-B9AF-4CD4-ADD4-8D76B96B5FB2}.Debug|Any CPU.ActiveCfg = Debug|Any CPU
		{C700153C-B9AF-4CD4-ADD4-8D76B96B5FB2}.Debug|Any CPU.Build.0 = Debug|Any CPU
		{C700153C-B9AF-4CD4-ADD4-8D76B96B5FB2}.Release|Any CPU.ActiveCfg = Release|Any CPU
		{C700153C-B9AF-4CD4-ADD4-8D76B96B5FB2}.Release|Any CPU.Build.0 = Release|Any CPU
		{6F929310-2CF4-44C3-BF5A-AC6C4D69FC6A}.Debug|Any CPU.ActiveCfg = Debug|Any CPU
		{6F929310-2CF4-44C3-BF5A-AC6C4D69FC6A}.Debug|Any CPU.Build.0 = Debug|Any CPU
		{6F929310-2CF4-44C3-BF5A-AC6C4D69FC6A}.Release|Any CPU.ActiveCfg = Release|Any CPU
		{6F929310-2CF4-44C3-BF5A-AC6C4D69FC6A}.Release|Any CPU.Build.0 = Release|Any CPU
		{42C42C3A-C472-4E42-9E85-DC892C2A0EDA}.Debug|Any CPU.ActiveCfg = Debug|Any CPU
		{42C42C3A-C472-4E42-9E85-DC892C2A0EDA}.Debug|Any CPU.Build.0 = Debug|Any CPU
		{42C42C3A-C472-4E42-9E85-DC892C2A0EDA}.Release|Any CPU.ActiveCfg = Release|Any CPU
		{42C42C3A-C472-4E42-9E85-DC892C2A0EDA}.Release|Any CPU.Build.0 = Release|Any CPU
		{B6B3CA2C-ABBB-4F93-BF3B-707AFF6DF1EC}.Debug|Any CPU.ActiveCfg = Debug|Any CPU
		{B6B3CA2C-ABBB-4F93-BF3B-707AFF6DF1EC}.Debug|Any CPU.Build.0 = Debug|Any CPU
		{B6B3CA2C-ABBB-4F93-BF3B-707AFF6DF1EC}.Release|Any CPU.ActiveCfg = Release|Any CPU
		{B6B3CA2C-ABBB-4F93-BF3B-707AFF6DF1EC}.Release|Any CPU.Build.0 = Release|Any CPU
		{E4368B2B-4C35-4809-B1E1-178B9650C6D8}.Debug|Any CPU.ActiveCfg = Debug|Any CPU
		{E4368B2B-4C35-4809-B1E1-178B9650C6D8}.Debug|Any CPU.Build.0 = Debug|Any CPU
		{E4368B2B-4C35-4809-B1E1-178B9650C6D8}.Release|Any CPU.ActiveCfg = Release|Any CPU
		{E4368B2B-4C35-4809-B1E1-178B9650C6D8}.Release|Any CPU.Build.0 = Release|Any CPU
		{442340DA-BD2C-49BF-8A09-BD7690B1847C}.Debug|Any CPU.ActiveCfg = Debug|Any CPU
		{442340DA-BD2C-49BF-8A09-BD7690B1847C}.Debug|Any CPU.Build.0 = Debug|Any CPU
		{442340DA-BD2C-49BF-8A09-BD7690B1847C}.Release|Any CPU.ActiveCfg = Release|Any CPU
		{442340DA-BD2C-49BF-8A09-BD7690B1847C}.Release|Any CPU.Build.0 = Release|Any CPU
	EndGlobalSection
	GlobalSection(SolutionProperties) = preSolution
		HideSolutionNode = FALSE
	EndGlobalSection
	GlobalSection(NestedProjects) = preSolution
		{C700153C-B9AF-4CD4-ADD4-8D76B96B5FB2} = {E6BCBDBE-8E9C-495E-8BA0-F26F0A60478F}
		{6F929310-2CF4-44C3-BF5A-AC6C4D69FC6A} = {B8F82D72-51BB-48F0-9526-D5CCD76EDBB8}
		{42C42C3A-C472-4E42-9E85-DC892C2A0EDA} = {9E4901B1-2D2C-461E-A3B6-EED33ACD2D98}
		{B6B3CA2C-ABBB-4F93-BF3B-707AFF6DF1EC} = {9E4901B1-2D2C-461E-A3B6-EED33ACD2D98}
		{E4368B2B-4C35-4809-B1E1-178B9650C6D8} = {CBF5E427-F569-420A-864D-D3B5E3FA8B66}
		{442340DA-BD2C-49BF-8A09-BD7690B1847C} = {7B31E1DA-E49D-4948-921E-BCD296565314}
		{9E4901B1-2D2C-461E-A3B6-EED33ACD2D98} = {B2554C31-D13F-424A-A9F4-17706B2A138C}
		{B8F82D72-51BB-48F0-9526-D5CCD76EDBB8} = {B2554C31-D13F-424A-A9F4-17706B2A138C}
		{E6BCBDBE-8E9C-495E-8BA0-F26F0A60478F} = {B2554C31-D13F-424A-A9F4-17706B2A138C}
		{7AF8C53F-45BA-4418-B8DF-6C8579991BBD} = {73466C5E-BEC4-434D-A77A-8657E46146A5}
		{CBF5E427-F569-420A-864D-D3B5E3FA8B66} = {73466C5E-BEC4-434D-A77A-8657E46146A5}
		{D406392E-397B-4A63-84FA-4A1FA3C37A54} = {7AF8C53F-45BA-4418-B8DF-6C8579991BBD}
		{636CC816-C1B1-4E01-B77D-085204B89222} = {7AF8C53F-45BA-4418-B8DF-6C8579991BBD}
		{7B31E1DA-E49D-4948-921E-BCD296565314} = {636CC816-C1B1-4E01-B77D-085204B89222}
		{B4A0B19A-ECB9-42E7-9B72-14B8249F0F3A} = {636CC816-C1B1-4E01-B77D-085204B89222}
	EndGlobalSection
	GlobalSection(ExtensibilityGlobals) = postSolution
		SolutionGuid = {00547476-A94E-455E-8385-A6C9E5E521F5}
	EndGlobalSection
EndGlobal
