
Microsoft Visual Studio Solution File, Format Version 12.00
# Visual Studio Version 17
VisualStudioVersion = 17.6.33815.320
MinimumVisualStudioVersion = 10.0.40219.1
Project("{2150E333-8FDC-42A3-9474-1A3956D46DE8}") = "Library", "Library", "{B2554C31-D13F-424A-A9F4-17706B2A138C}"
EndProject
Project("{2150E333-8FDC-42A3-9474-1A3956D46DE8}") = "Application", "Application", "{73466C5E-BEC4-434D-A77A-8657E46146A5}"
EndProject
Project("{2150E333-8FDC-42A3-9474-1A3956D46DE8}") = "Device", "Device", "{D406392E-397B-4A63-84FA-4A1FA3C37A54}"
EndProject
Project("{2150E333-8FDC-42A3-9474-1A3956D46DE8}") = "Web", "Web", "{636CC816-C1B1-4E01-B77D-085204B89222}"
EndProject
Project("{2150E333-8FDC-42A3-9474-1A3956D46DE8}") = "WebApp", "WebApp", "{B4A0B19A-ECB9-42E7-9B72-14B8249F0F3A}"
EndProject
Project("{2150E333-8FDC-42A3-9474-1A3956D46DE8}") = "Test", "Test", "{972F617D-1D2D-4E1E-8288-2DDB07ABDC0F}"
EndProject
Project("{2150E333-8FDC-42A3-9474-1A3956D46DE8}") = "Network", "Network", "{D461E40F-9F24-491B-A172-E1F74F3AF00A}"
EndProject
Project("{2150E333-8FDC-42A3-9474-1A3956D46DE8}") = "Shared", "Shared", "{11145983-51B1-4F35-984A-3C6B48D2DFB5}"
EndProject
Project("{2150E333-8FDC-42A3-9474-1A3956D46DE8}") = "Client", "Client", "{A6B166BF-436F-4788-8FDE-2CF0566DC355}"
EndProject
Project("{2150E333-8FDC-42A3-9474-1A3956D46DE8}") = "Server", "Server", "{C12740E9-BE17-4673-9686-E7C69C8A6988}"
EndProject
Project("{2150E333-8FDC-42A3-9474-1A3956D46DE8}") = "Rest", "Rest", "{DF3876E5-8C66-4BA0-B39B-DD8E0BDA69CC}"
EndProject
Project("{2150E333-8FDC-42A3-9474-1A3956D46DE8}") = "Grpc", "Grpc", "{49A0176E-BF33-450B-8C79-4E753DCC9811}"
EndProject
Project("{9A19103F-16F7-4668-BE54-9A1E7A4F7556}") = "Grpc", "Libraries\Network\Client\Grpc\Grpc.csproj", "{BFDA3065-CF78-4645-AEED-DDB672210F50}"
EndProject
Project("{9A19103F-16F7-4668-BE54-9A1E7A4F7556}") = "Rest", "Libraries\Network\Client\Rest\Rest.csproj", "{5851CB0E-9163-434A-8405-6FBD49944E26}"
EndProject
Project("{9A19103F-16F7-4668-BE54-9A1E7A4F7556}") = "Server", "Libraries\Network\Server\Server.csproj", "{3A47AC99-D4FA-453A-BF0B-9A0F20BA0C24}"
EndProject
Project("{9A19103F-16F7-4668-BE54-9A1E7A4F7556}") = "Shared", "Libraries\Network\Shared\Shared.csproj", "{371284BB-C003-4707-8D72-BE29BDD89E18}"
EndProject
Project("{2150E333-8FDC-42A3-9474-1A3956D46DE8}") = "WebSiteWithApi", "WebSiteWithApi", "{0BF28CAB-7D39-4334-A10E-45B4DEA2DD6B}"
EndProject
Project("{2150E333-8FDC-42A3-9474-1A3956D46DE8}") = "WebSite", "WebSite", "{F06017A9-35C7-44E0-89CA-B97628E721B1}"
EndProject
Project("{2150E333-8FDC-42A3-9474-1A3956D46DE8}") = "WebApi", "WebApi", "{9CB0E13A-3E5E-48A6-B5F1-49022606D212}"
EndProject
Project("{9A19103F-16F7-4668-BE54-9A1E7A4F7556}") = "WebApi", "Application\Web\WebApi\WebApi.csproj", "{BEA78124-DD09-4C91-B4CA-5796C0EA016A}"
EndProject
Project("{9A19103F-16F7-4668-BE54-9A1E7A4F7556}") = "WebSiteWithApi", "Application\Web\WebSiteWithApi\WebSiteWithApi.csproj", "{5CCC662E-3967-4270-8118-5685645EEB2A}"
EndProject
Project("{9A19103F-16F7-4668-BE54-9A1E7A4F7556}") = "WebSite", "Application\Web\WebSite\WebSite.csproj", "{B62A01BD-09D8-4CAC-9BAC-1022C3E9F40D}"
EndProject
Global
	GlobalSection(SolutionConfigurationPlatforms) = preSolution
		Debug|Any CPU = Debug|Any CPU
		Release|Any CPU = Release|Any CPU
	EndGlobalSection
	GlobalSection(ProjectConfigurationPlatforms) = postSolution
		{BFDA3065-CF78-4645-AEED-DDB672210F50}.Debug|Any CPU.ActiveCfg = Debug|Any CPU
		{BFDA3065-CF78-4645-AEED-DDB672210F50}.Debug|Any CPU.Build.0 = Debug|Any CPU
		{BFDA3065-CF78-4645-AEED-DDB672210F50}.Release|Any CPU.ActiveCfg = Release|Any CPU
		{BFDA3065-CF78-4645-AEED-DDB672210F50}.Release|Any CPU.Build.0 = Release|Any CPU
		{5851CB0E-9163-434A-8405-6FBD49944E26}.Debug|Any CPU.ActiveCfg = Debug|Any CPU
		{5851CB0E-9163-434A-8405-6FBD49944E26}.Debug|Any CPU.Build.0 = Debug|Any CPU
		{5851CB0E-9163-434A-8405-6FBD49944E26}.Release|Any CPU.ActiveCfg = Release|Any CPU
		{5851CB0E-9163-434A-8405-6FBD49944E26}.Release|Any CPU.Build.0 = Release|Any CPU
		{3A47AC99-D4FA-453A-BF0B-9A0F20BA0C24}.Debug|Any CPU.ActiveCfg = Debug|Any CPU
		{3A47AC99-D4FA-453A-BF0B-9A0F20BA0C24}.Debug|Any CPU.Build.0 = Debug|Any CPU
		{3A47AC99-D4FA-453A-BF0B-9A0F20BA0C24}.Release|Any CPU.ActiveCfg = Release|Any CPU
		{3A47AC99-D4FA-453A-BF0B-9A0F20BA0C24}.Release|Any CPU.Build.0 = Release|Any CPU
		{371284BB-C003-4707-8D72-BE29BDD89E18}.Debug|Any CPU.ActiveCfg = Debug|Any CPU
		{371284BB-C003-4707-8D72-BE29BDD89E18}.Debug|Any CPU.Build.0 = Debug|Any CPU
		{371284BB-C003-4707-8D72-BE29BDD89E18}.Release|Any CPU.ActiveCfg = Release|Any CPU
		{371284BB-C003-4707-8D72-BE29BDD89E18}.Release|Any CPU.Build.0 = Release|Any CPU
		{BEA78124-DD09-4C91-B4CA-5796C0EA016A}.Debug|Any CPU.ActiveCfg = Debug|Any CPU
		{BEA78124-DD09-4C91-B4CA-5796C0EA016A}.Debug|Any CPU.Build.0 = Debug|Any CPU
		{BEA78124-DD09-4C91-B4CA-5796C0EA016A}.Release|Any CPU.ActiveCfg = Release|Any CPU
		{BEA78124-DD09-4C91-B4CA-5796C0EA016A}.Release|Any CPU.Build.0 = Release|Any CPU
		{5CCC662E-3967-4270-8118-5685645EEB2A}.Debug|Any CPU.ActiveCfg = Debug|Any CPU
		{5CCC662E-3967-4270-8118-5685645EEB2A}.Debug|Any CPU.Build.0 = Debug|Any CPU
		{5CCC662E-3967-4270-8118-5685645EEB2A}.Release|Any CPU.ActiveCfg = Release|Any CPU
		{5CCC662E-3967-4270-8118-5685645EEB2A}.Release|Any CPU.Build.0 = Release|Any CPU
		{B62A01BD-09D8-4CAC-9BAC-1022C3E9F40D}.Debug|Any CPU.ActiveCfg = Debug|Any CPU
		{B62A01BD-09D8-4CAC-9BAC-1022C3E9F40D}.Debug|Any CPU.Build.0 = Debug|Any CPU
		{B62A01BD-09D8-4CAC-9BAC-1022C3E9F40D}.Release|Any CPU.ActiveCfg = Release|Any CPU
		{B62A01BD-09D8-4CAC-9BAC-1022C3E9F40D}.Release|Any CPU.Build.0 = Release|Any CPU
	EndGlobalSection
	GlobalSection(SolutionProperties) = preSolution
		HideSolutionNode = FALSE
	EndGlobalSection
	GlobalSection(NestedProjects) = preSolution
		{D406392E-397B-4A63-84FA-4A1FA3C37A54} = {73466C5E-BEC4-434D-A77A-8657E46146A5}
		{636CC816-C1B1-4E01-B77D-085204B89222} = {73466C5E-BEC4-434D-A77A-8657E46146A5}
		{B4A0B19A-ECB9-42E7-9B72-14B8249F0F3A} = {636CC816-C1B1-4E01-B77D-085204B89222}
		{D461E40F-9F24-491B-A172-E1F74F3AF00A} = {B2554C31-D13F-424A-A9F4-17706B2A138C}
		{11145983-51B1-4F35-984A-3C6B48D2DFB5} = {D461E40F-9F24-491B-A172-E1F74F3AF00A}
		{A6B166BF-436F-4788-8FDE-2CF0566DC355} = {D461E40F-9F24-491B-A172-E1F74F3AF00A}
		{C12740E9-BE17-4673-9686-E7C69C8A6988} = {D461E40F-9F24-491B-A172-E1F74F3AF00A}
		{DF3876E5-8C66-4BA0-B39B-DD8E0BDA69CC} = {A6B166BF-436F-4788-8FDE-2CF0566DC355}
		{49A0176E-BF33-450B-8C79-4E753DCC9811} = {A6B166BF-436F-4788-8FDE-2CF0566DC355}
		{BFDA3065-CF78-4645-AEED-DDB672210F50} = {49A0176E-BF33-450B-8C79-4E753DCC9811}
		{5851CB0E-9163-434A-8405-6FBD49944E26} = {DF3876E5-8C66-4BA0-B39B-DD8E0BDA69CC}
		{3A47AC99-D4FA-453A-BF0B-9A0F20BA0C24} = {C12740E9-BE17-4673-9686-E7C69C8A6988}
		{371284BB-C003-4707-8D72-BE29BDD89E18} = {11145983-51B1-4F35-984A-3C6B48D2DFB5}
		{0BF28CAB-7D39-4334-A10E-45B4DEA2DD6B} = {636CC816-C1B1-4E01-B77D-085204B89222}
		{F06017A9-35C7-44E0-89CA-B97628E721B1} = {636CC816-C1B1-4E01-B77D-085204B89222}
		{9CB0E13A-3E5E-48A6-B5F1-49022606D212} = {636CC816-C1B1-4E01-B77D-085204B89222}
		{BEA78124-DD09-4C91-B4CA-5796C0EA016A} = {9CB0E13A-3E5E-48A6-B5F1-49022606D212}
		{5CCC662E-3967-4270-8118-5685645EEB2A} = {0BF28CAB-7D39-4334-A10E-45B4DEA2DD6B}
		{B62A01BD-09D8-4CAC-9BAC-1022C3E9F40D} = {F06017A9-35C7-44E0-89CA-B97628E721B1}
	EndGlobalSection
	GlobalSection(ExtensibilityGlobals) = postSolution
		SolutionGuid = {00547476-A94E-455E-8385-A6C9E5E521F5}
	EndGlobalSection
EndGlobal
