
Microsoft Visual Studio Solution File, Format Version 12.00
# Visual Studio Version 17
VisualStudioVersion = 17.6.33815.320
MinimumVisualStudioVersion = 10.0.40219.1
Project("{9A19103F-16F7-4668-BE54-9A1E7A4F7556}") = "ServerApp", "Application\Server\ServerApp.csproj", "{E4368B2B-4C35-4809-B1E1-178B9650C6D8}"
EndProject
Project("{9A19103F-16F7-4668-BE54-9A1E7A4F7556}") = "WebSite", "Application\Client\Web\WebSite\WebSite.csproj", "{442340DA-BD2C-49BF-8A09-BD7690B1847C}"
EndProject
Project("{2150E333-8FDC-42A3-9474-1A3956D46DE8}") = "Library", "Library", "{B2554C31-D13F-424A-A9F4-17706B2A138C}"
EndProject
Project("{2150E333-8FDC-42A3-9474-1A3956D46DE8}") = "Application", "Application", "{73466C5E-BEC4-434D-A77A-8657E46146A5}"
EndProject
Project("{2150E333-8FDC-42A3-9474-1A3956D46DE8}") = "Client", "Client", "{7AF8C53F-45BA-4418-B8DF-6C8579991BBD}"
EndProject
Project("{2150E333-8FDC-42A3-9474-1A3956D46DE8}") = "Server", "Server", "{CBF5E427-F569-420A-864D-D3B5E3FA8B66}"
EndProject
Project("{2150E333-8FDC-42A3-9474-1A3956D46DE8}") = "Device", "Device", "{D406392E-397B-4A63-84FA-4A1FA3C37A54}"
EndProject
Project("{2150E333-8FDC-42A3-9474-1A3956D46DE8}") = "Web", "Web", "{636CC816-C1B1-4E01-B77D-085204B89222}"
EndProject
Project("{2150E333-8FDC-42A3-9474-1A3956D46DE8}") = "WebSite", "WebSite", "{7B31E1DA-E49D-4948-921E-BCD296565314}"
EndProject
Project("{2150E333-8FDC-42A3-9474-1A3956D46DE8}") = "WebApp", "WebApp", "{B4A0B19A-ECB9-42E7-9B72-14B8249F0F3A}"
EndProject
Project("{2150E333-8FDC-42A3-9474-1A3956D46DE8}") = "Test", "Test", "{972F617D-1D2D-4E1E-8288-2DDB07ABDC0F}"
EndProject
Project("{2150E333-8FDC-42A3-9474-1A3956D46DE8}") = "Network", "Network", "{D461E40F-9F24-491B-A172-E1F74F3AF00A}"
EndProject
Project("{2150E333-8FDC-42A3-9474-1A3956D46DE8}") = "Shared", "Shared", "{11145983-51B1-4F35-984A-3C6B48D2DFB5}"
EndProject
Project("{2150E333-8FDC-42A3-9474-1A3956D46DE8}") = "Client", "Client", "{A6B166BF-436F-4788-8FDE-2CF0566DC355}"
EndProject
Project("{2150E333-8FDC-42A3-9474-1A3956D46DE8}") = "Server", "Server", "{C12740E9-BE17-4673-9686-E7C69C8A6988}"
EndProject
Project("{2150E333-8FDC-42A3-9474-1A3956D46DE8}") = "Rest", "Rest", "{DF3876E5-8C66-4BA0-B39B-DD8E0BDA69CC}"
EndProject
Project("{2150E333-8FDC-42A3-9474-1A3956D46DE8}") = "Grpc", "Grpc", "{49A0176E-BF33-450B-8C79-4E753DCC9811}"
EndProject
Project("{9A19103F-16F7-4668-BE54-9A1E7A4F7556}") = "Grpc", "Libraries\Network\Client\Grpc\Grpc.csproj", "{BFDA3065-CF78-4645-AEED-DDB672210F50}"
EndProject
Project("{9A19103F-16F7-4668-BE54-9A1E7A4F7556}") = "Rest", "Libraries\Network\Client\Rest\Rest.csproj", "{5851CB0E-9163-434A-8405-6FBD49944E26}"
EndProject
Project("{9A19103F-16F7-4668-BE54-9A1E7A4F7556}") = "Server", "Libraries\Network\Server\Server.csproj", "{3A47AC99-D4FA-453A-BF0B-9A0F20BA0C24}"
EndProject
Project("{9A19103F-16F7-4668-BE54-9A1E7A4F7556}") = "Shared", "Libraries\Network\Shared\Shared.csproj", "{371284BB-C003-4707-8D72-BE29BDD89E18}"
EndProject
Global
	GlobalSection(SolutionConfigurationPlatforms) = preSolution
		Debug|Any CPU = Debug|Any CPU
		Release|Any CPU = Release|Any CPU
	EndGlobalSection
	GlobalSection(ProjectConfigurationPlatforms) = postSolution
		{E4368B2B-4C35-4809-B1E1-178B9650C6D8}.Debug|Any CPU.ActiveCfg = Debug|Any CPU
		{E4368B2B-4C35-4809-B1E1-178B9650C6D8}.Debug|Any CPU.Build.0 = Debug|Any CPU
		{E4368B2B-4C35-4809-B1E1-178B9650C6D8}.Release|Any CPU.ActiveCfg = Release|Any CPU
		{E4368B2B-4C35-4809-B1E1-178B9650C6D8}.Release|Any CPU.Build.0 = Release|Any CPU
		{442340DA-BD2C-49BF-8A09-BD7690B1847C}.Debug|Any CPU.ActiveCfg = Debug|Any CPU
		{442340DA-BD2C-49BF-8A09-BD7690B1847C}.Debug|Any CPU.Build.0 = Debug|Any CPU
		{442340DA-BD2C-49BF-8A09-BD7690B1847C}.Release|Any CPU.ActiveCfg = Release|Any CPU
		{442340DA-BD2C-49BF-8A09-BD7690B1847C}.Release|Any CPU.Build.0 = Release|Any CPU
		{BFDA3065-CF78-4645-AEED-DDB672210F50}.Debug|Any CPU.ActiveCfg = Debug|Any CPU
		{BFDA3065-CF78-4645-AEED-DDB672210F50}.Debug|Any CPU.Build.0 = Debug|Any CPU
		{BFDA3065-CF78-4645-AEED-DDB672210F50}.Release|Any CPU.ActiveCfg = Release|Any CPU
		{BFDA3065-CF78-4645-AEED-DDB672210F50}.Release|Any CPU.Build.0 = Release|Any CPU
		{5851CB0E-9163-434A-8405-6FBD49944E26}.Debug|Any CPU.ActiveCfg = Debug|Any CPU
		{5851CB0E-9163-434A-8405-6FBD49944E26}.Debug|Any CPU.Build.0 = Debug|Any CPU
		{5851CB0E-9163-434A-8405-6FBD49944E26}.Release|Any CPU.ActiveCfg = Release|Any CPU
		{5851CB0E-9163-434A-8405-6FBD49944E26}.Release|Any CPU.Build.0 = Release|Any CPU
		{3A47AC99-D4FA-453A-BF0B-9A0F20BA0C24}.Debug|Any CPU.ActiveCfg = Debug|Any CPU
		{3A47AC99-D4FA-453A-BF0B-9A0F20BA0C24}.Debug|Any CPU.Build.0 = Debug|Any CPU
		{3A47AC99-D4FA-453A-BF0B-9A0F20BA0C24}.Release|Any CPU.ActiveCfg = Release|Any CPU
		{3A47AC99-D4FA-453A-BF0B-9A0F20BA0C24}.Release|Any CPU.Build.0 = Release|Any CPU
		{371284BB-C003-4707-8D72-BE29BDD89E18}.Debug|Any CPU.ActiveCfg = Debug|Any CPU
		{371284BB-C003-4707-8D72-BE29BDD89E18}.Debug|Any CPU.Build.0 = Debug|Any CPU
		{371284BB-C003-4707-8D72-BE29BDD89E18}.Release|Any CPU.ActiveCfg = Release|Any CPU
		{371284BB-C003-4707-8D72-BE29BDD89E18}.Release|Any CPU.Build.0 = Release|Any CPU
	EndGlobalSection
	GlobalSection(SolutionProperties) = preSolution
		HideSolutionNode = FALSE
	EndGlobalSection
	GlobalSection(NestedProjects) = preSolution
		{E4368B2B-4C35-4809-B1E1-178B9650C6D8} = {CBF5E427-F569-420A-864D-D3B5E3FA8B66}
		{442340DA-BD2C-49BF-8A09-BD7690B1847C} = {7B31E1DA-E49D-4948-921E-BCD296565314}
		{7AF8C53F-45BA-4418-B8DF-6C8579991BBD} = {73466C5E-BEC4-434D-A77A-8657E46146A5}
		{CBF5E427-F569-420A-864D-D3B5E3FA8B66} = {73466C5E-BEC4-434D-A77A-8657E46146A5}
		{D406392E-397B-4A63-84FA-4A1FA3C37A54} = {7AF8C53F-45BA-4418-B8DF-6C8579991BBD}
		{636CC816-C1B1-4E01-B77D-085204B89222} = {7AF8C53F-45BA-4418-B8DF-6C8579991BBD}
		{7B31E1DA-E49D-4948-921E-BCD296565314} = {636CC816-C1B1-4E01-B77D-085204B89222}
		{B4A0B19A-ECB9-42E7-9B72-14B8249F0F3A} = {636CC816-C1B1-4E01-B77D-085204B89222}
		{D461E40F-9F24-491B-A172-E1F74F3AF00A} = {B2554C31-D13F-424A-A9F4-17706B2A138C}
		{11145983-51B1-4F35-984A-3C6B48D2DFB5} = {D461E40F-9F24-491B-A172-E1F74F3AF00A}
		{A6B166BF-436F-4788-8FDE-2CF0566DC355} = {D461E40F-9F24-491B-A172-E1F74F3AF00A}
		{C12740E9-BE17-4673-9686-E7C69C8A6988} = {D461E40F-9F24-491B-A172-E1F74F3AF00A}
		{DF3876E5-8C66-4BA0-B39B-DD8E0BDA69CC} = {A6B166BF-436F-4788-8FDE-2CF0566DC355}
		{49A0176E-BF33-450B-8C79-4E753DCC9811} = {A6B166BF-436F-4788-8FDE-2CF0566DC355}
		{BFDA3065-CF78-4645-AEED-DDB672210F50} = {49A0176E-BF33-450B-8C79-4E753DCC9811}
		{5851CB0E-9163-434A-8405-6FBD49944E26} = {DF3876E5-8C66-4BA0-B39B-DD8E0BDA69CC}
		{3A47AC99-D4FA-453A-BF0B-9A0F20BA0C24} = {C12740E9-BE17-4673-9686-E7C69C8A6988}
		{371284BB-C003-4707-8D72-BE29BDD89E18} = {11145983-51B1-4F35-984A-3C6B48D2DFB5}
	EndGlobalSection
	GlobalSection(ExtensibilityGlobals) = postSolution
		SolutionGuid = {00547476-A94E-455E-8385-A6C9E5E521F5}
	EndGlobalSection
EndGlobal
